
Microsoft Visual Studio Solution File, Format Version 12.00
# Visual Studio Version 16
VisualStudioVersion = 16.0.32126.315
MinimumVisualStudioVersion = 10.0.40219.1
Project("{FAE04EC0-301F-11D3-BF4B-00C04F79EFBC}") = "HeroSkin", "HeroSkin\HeroSkin.csproj", "{CA3D83BB-E96C-4D24-8662-2CBC5C34540E}"
EndProject
Global
	GlobalSection(SolutionConfigurationPlatforms) = preSolution
		Debug|Any CPU = Debug|Any CPU
		Release|Any CPU = Release|Any CPU
	EndGlobalSection
	GlobalSection(ProjectConfigurationPlatforms) = postSolution
		{CA3D83BB-E96C-4D24-8662-2CBC5C34540E}.Debug|Any CPU.ActiveCfg = Debug|Any CPU
		{CA3D83BB-E96C-4D24-8662-2CBC5C34540E}.Debug|Any CPU.Build.0 = Debug|Any CPU
		{CA3D83BB-E96C-4D24-8662-2CBC5C34540E}.Release|Any CPU.ActiveCfg = Release|Any CPU
		{CA3D83BB-E96C-4D24-8662-2CBC5C34540E}.Release|Any CPU.Build.0 = Release|Any CPU
	EndGlobalSection
	GlobalSection(SolutionProperties) = preSolution
		HideSolutionNode = FALSE
	EndGlobalSection
	GlobalSection(ExtensibilityGlobals) = postSolution
		SolutionGuid = {8FCC4F51-6317-4046-81B9-450981A7D773}
	EndGlobalSection
EndGlobal
